
Microsoft Visual Studio Solution File, Format Version 12.00
# Visual Studio 15
VisualStudioVersion = 15.0.26430.16
MinimumVisualStudioVersion = 10.0.40219.1
Project("{FAE04EC0-301F-11D3-BF4B-00C04F79EFBC}") = "DataSetReader.Tests", "test\DataSetReader.Tests\DataSetReader.Tests.csproj", "{DDE4653E-6892-4E61-814E-3081B3F0B9E3}"
EndProject
Project("{FAE04EC0-301F-11D3-BF4B-00C04F79EFBC}") = "DataSetReader", "src\DataSetReader\DataSetReader.csproj", "{35E20508-FFF4-4E81-BF4B-B28CB8189956}"
EndProject
Global
	GlobalSection(SolutionConfigurationPlatforms) = preSolution
		Debug|Any CPU = Debug|Any CPU
		Release|Any CPU = Release|Any CPU
	EndGlobalSection
	GlobalSection(ProjectConfigurationPlatforms) = postSolution
		{DDE4653E-6892-4E61-814E-3081B3F0B9E3}.Debug|Any CPU.ActiveCfg = Debug|Any CPU
		{DDE4653E-6892-4E61-814E-3081B3F0B9E3}.Debug|Any CPU.Build.0 = Debug|Any CPU
		{DDE4653E-6892-4E61-814E-3081B3F0B9E3}.Release|Any CPU.ActiveCfg = Release|Any CPU
		{DDE4653E-6892-4E61-814E-3081B3F0B9E3}.Release|Any CPU.Build.0 = Release|Any CPU
		{35E20508-FFF4-4E81-BF4B-B28CB8189956}.Debug|Any CPU.ActiveCfg = Debug|Any CPU
		{35E20508-FFF4-4E81-BF4B-B28CB8189956}.Debug|Any CPU.Build.0 = Debug|Any CPU
		{35E20508-FFF4-4E81-BF4B-B28CB8189956}.Release|Any CPU.ActiveCfg = Release|Any CPU
		{35E20508-FFF4-4E81-BF4B-B28CB8189956}.Release|Any CPU.Build.0 = Release|Any CPU
	EndGlobalSection
	GlobalSection(SolutionProperties) = preSolution
		HideSolutionNode = FALSE
	EndGlobalSection
EndGlobal
